
Microsoft Visual Studio Solution File, Format Version 12.00
# Visual Studio Version 17
VisualStudioVersion = 17.9.34701.34
MinimumVisualStudioVersion = 10.0.40219.1
Project("{9A19103F-16F7-4668-BE54-9A1E7A4F7556}") = "Keeper.API", "Keeper.API\Keeper.API.csproj", "{AC3BEC60-04C5-41BB-ACF4-674AB2B45076}"
EndProject
Project("{9A19103F-16F7-4668-BE54-9A1E7A4F7556}") = "Keeper.Domen", "Keeper.Domen\Keeper.Domen.csproj", "{16EDC506-2378-4A4E-A0CE-3FA174F36474}"
EndProject
Project("{FAE04EC0-301F-11D3-BF4B-00C04F79EFBC}") = "Keeper.Blazor", "Keeper.Blazor\Keeper.Blazor.csproj", "{072976C1-8201-43D4-85A1-540E2915FDB7}"
EndProject
Global
	GlobalSection(SolutionConfigurationPlatforms) = preSolution
		Debug|Any CPU = Debug|Any CPU
		Release|Any CPU = Release|Any CPU
	EndGlobalSection
	GlobalSection(ProjectConfigurationPlatforms) = postSolution
		{AC3BEC60-04C5-41BB-ACF4-674AB2B45076}.Debug|Any CPU.ActiveCfg = Debug|Any CPU
		{AC3BEC60-04C5-41BB-ACF4-674AB2B45076}.Debug|Any CPU.Build.0 = Debug|Any CPU
		{AC3BEC60-04C5-41BB-ACF4-674AB2B45076}.Release|Any CPU.ActiveCfg = Release|Any CPU
		{AC3BEC60-04C5-41BB-ACF4-674AB2B45076}.Release|Any CPU.Build.0 = Release|Any CPU
		{16EDC506-2378-4A4E-A0CE-3FA174F36474}.Debug|Any CPU.ActiveCfg = Debug|Any CPU
		{16EDC506-2378-4A4E-A0CE-3FA174F36474}.Debug|Any CPU.Build.0 = Debug|Any CPU
		{16EDC506-2378-4A4E-A0CE-3FA174F36474}.Release|Any CPU.ActiveCfg = Release|Any CPU
		{16EDC506-2378-4A4E-A0CE-3FA174F36474}.Release|Any CPU.Build.0 = Release|Any CPU
		{072976C1-8201-43D4-85A1-540E2915FDB7}.Debug|Any CPU.ActiveCfg = Debug|Any CPU
		{072976C1-8201-43D4-85A1-540E2915FDB7}.Debug|Any CPU.Build.0 = Debug|Any CPU
		{072976C1-8201-43D4-85A1-540E2915FDB7}.Release|Any CPU.ActiveCfg = Release|Any CPU
		{072976C1-8201-43D4-85A1-540E2915FDB7}.Release|Any CPU.Build.0 = Release|Any CPU
	EndGlobalSection
	GlobalSection(SolutionProperties) = preSolution
		HideSolutionNode = FALSE
	EndGlobalSection
	GlobalSection(ExtensibilityGlobals) = postSolution
		SolutionGuid = {EAE91C2D-8DF9-46B7-B5BE-F93F68E89822}
	EndGlobalSection
EndGlobal
